
Microsoft Visual Studio Solution File, Format Version 12.00
# Visual Studio 15
VisualStudioVersion = 15.0.28010.2026
MinimumVisualStudioVersion = 10.0.40219.1
Project("{8BC9CEB8-8B4A-11D0-8D11-00A0C91BC942}") = "MIT_i18n", "MIT_i18n\MIT_i18n.vcxproj", "{08DCA097-FAC2-4F73-908A-F0F0788469FD}"
EndProject
Project("{8BC9CEB8-8B4A-11D0-8D11-00A0C91BC942}") = "MIT_alice", "MIT_alice\MIT_alice.vcxproj", "{1AE7F1F0-7924-458A-A839-B16D1604D89D}"
EndProject
Project("{8BC9CEB8-8B4A-11D0-8D11-00A0C91BC942}") = "AliceUI", "AliceUI\AliceUI.vcxproj", "{C04FC321-9955-4BFE-97CE-ABE338018D26}"
EndProject
Project("{8BC9CEB8-8B4A-11D0-8D11-00A0C91BC942}") = "HelloWorld", "HelloWorld\HelloWorld.vcxproj", "{070ED0A8-16C1-4ACB-9D37-857AA4FB285A}"
EndProject
Global
	GlobalSection(SolutionConfigurationPlatforms) = preSolution
		Debug|x64 = Debug|x64
		Debug|x86 = Debug|x86
		Release|x64 = Release|x64
		Release|x86 = Release|x86
	EndGlobalSection
	GlobalSection(ProjectConfigurationPlatforms) = postSolution
		{08DCA097-FAC2-4F73-908A-F0F0788469FD}.Debug|x64.ActiveCfg = Debug|x64
		{08DCA097-FAC2-4F73-908A-F0F0788469FD}.Debug|x64.Build.0 = Debug|x64
		{08DCA097-FAC2-4F73-908A-F0F0788469FD}.Debug|x86.ActiveCfg = Debug|Win32
		{08DCA097-FAC2-4F73-908A-F0F0788469FD}.Debug|x86.Build.0 = Debug|Win32
		{08DCA097-FAC2-4F73-908A-F0F0788469FD}.Release|x64.ActiveCfg = Release|x64
		{08DCA097-FAC2-4F73-908A-F0F0788469FD}.Release|x64.Build.0 = Release|x64
		{08DCA097-FAC2-4F73-908A-F0F0788469FD}.Release|x86.ActiveCfg = Release|Win32
		{08DCA097-FAC2-4F73-908A-F0F0788469FD}.Release|x86.Build.0 = Release|Win32
		{1AE7F1F0-7924-458A-A839-B16D1604D89D}.Debug|x64.ActiveCfg = Debug|x64
		{1AE7F1F0-7924-458A-A839-B16D1604D89D}.Debug|x64.Build.0 = Debug|x64
		{1AE7F1F0-7924-458A-A839-B16D1604D89D}.Debug|x86.ActiveCfg = Debug|x64
		{1AE7F1F0-7924-458A-A839-B16D1604D89D}.Release|x64.ActiveCfg = Release|x64
		{1AE7F1F0-7924-458A-A839-B16D1604D89D}.Release|x64.Build.0 = Release|x64
		{1AE7F1F0-7924-458A-A839-B16D1604D89D}.Release|x86.ActiveCfg = Release|x64
		{C04FC321-9955-4BFE-97CE-ABE338018D26}.Debug|x64.ActiveCfg = Debug|x64
		{C04FC321-9955-4BFE-97CE-ABE338018D26}.Debug|x64.Build.0 = Debug|x64
		{C04FC321-9955-4BFE-97CE-ABE338018D26}.Debug|x86.ActiveCfg = Debug|Win32
		{C04FC321-9955-4BFE-97CE-ABE338018D26}.Debug|x86.Build.0 = Debug|Win32
		{C04FC321-9955-4BFE-97CE-ABE338018D26}.Release|x64.ActiveCfg = Release|x64
		{C04FC321-9955-4BFE-97CE-ABE338018D26}.Release|x64.Build.0 = Release|x64
		{C04FC321-9955-4BFE-97CE-ABE338018D26}.Release|x86.ActiveCfg = Release|Win32
		{C04FC321-9955-4BFE-97CE-ABE338018D26}.Release|x86.Build.0 = Release|Win32
		{070ED0A8-16C1-4ACB-9D37-857AA4FB285A}.Debug|x64.ActiveCfg = Debug|x64
		{070ED0A8-16C1-4ACB-9D37-857AA4FB285A}.Debug|x64.Build.0 = Debug|x64
		{070ED0A8-16C1-4ACB-9D37-857AA4FB285A}.Debug|x86.ActiveCfg = Debug|Win32
		{070ED0A8-16C1-4ACB-9D37-857AA4FB285A}.Debug|x86.Build.0 = Debug|Win32
		{070ED0A8-16C1-4ACB-9D37-857AA4FB285A}.Release|x64.ActiveCfg = Release|x64
		{070ED0A8-16C1-4ACB-9D37-857AA4FB285A}.Release|x64.Build.0 = Release|x64
		{070ED0A8-16C1-4ACB-9D37-857AA4FB285A}.Release|x86.ActiveCfg = Release|Win32
		{070ED0A8-16C1-4ACB-9D37-857AA4FB285A}.Release|x86.Build.0 = Release|Win32
	EndGlobalSection
	GlobalSection(SolutionProperties) = preSolution
		HideSolutionNode = FALSE
	EndGlobalSection
	GlobalSection(ExtensibilityGlobals) = postSolution
		SolutionGuid = {DC8F973E-50BE-48E0-A798-9A812C0F249F}
	EndGlobalSection
EndGlobal
